// !$*UTF8*$!
{
	archiveVersion = 1;
	classes = {
	};
	objectVersion = 46;
	objects = {

/* Begin PBXBuildFile section */
		5108B6A61ECFD74000743535 /* pokemon.csv in Resources */ = {isa = PBXBuildFile; fileRef = 5108B6A51ECFD74000743535 /* pokemon.csv */; };
		5108B6A81ECFD9A800743535 /* Pokemon.swift in Sources */ = {isa = PBXBuildFile; fileRef = 5108B6A71ECFD9A800743535 /* Pokemon.swift */; };
		515810091ECFC2EA009403E5 /* AppDelegate.swift in Sources */ = {isa = PBXBuildFile; fileRef = 515810081ECFC2EA009403E5 /* AppDelegate.swift */; };
		5158100B1ECFC2EA009403E5 /* ViewController.swift in Sources */ = {isa = PBXBuildFile; fileRef = 5158100A1ECFC2EA009403E5 /* ViewController.swift */; };
		5158100E1ECFC2EA009403E5 /* Main.storyboard in Resources */ = {isa = PBXBuildFile; fileRef = 5158100C1ECFC2EA009403E5 /* Main.storyboard */; };
		515810101ECFC2EA009403E5 /* Assets.xcassets in Resources */ = {isa = PBXBuildFile; fileRef = 5158100F1ECFC2EA009403E5 /* Assets.xcassets */; };
		515810131ECFC2EA009403E5 /* LaunchScreen.storyboard in Resources */ = {isa = PBXBuildFile; fileRef = 515810111ECFC2EA009403E5 /* LaunchScreen.storyboard */; };
		51CFE4FB1ECFDECC00804699 /* PokeCell.swift in Sources */ = {isa = PBXBuildFile; fileRef = 51CFE4FA1ECFDECC00804699 /* PokeCell.swift */; };
		51CFE4FD1ED00C5200804699 /* csv.swift in Sources */ = {isa = PBXBuildFile; fileRef = 51CFE4FC1ED00C5200804699 /* csv.swift */; };
		51CFE4FF1ED00F7A00804699 /* pokemon.ttf in Resources */ = {isa = PBXBuildFile; fileRef = 51CFE4FE1ED00F7A00804699 /* pokemon.ttf */; };
		51CFE5041ED0103F00804699 /* music.png in Resources */ = {isa = PBXBuildFile; fileRef = 51CFE5031ED0103F00804699 /* music.png */; };
		51CFE5061ED0117600804699 /* music.mp3 in Resources */ = {isa = PBXBuildFile; fileRef = 51CFE5051ED0117600804699 /* music.mp3 */; };
/* End PBXBuildFile section */

/* Begin PBXFileReference section */
		5108B6A51ECFD74000743535 /* pokemon.csv */ = {isa = PBXFileReference; fileEncoding = 4; lastKnownFileType = text; path = pokemon.csv; sourceTree = "<group>"; };
		5108B6A71ECFD9A800743535 /* Pokemon.swift */ = {isa = PBXFileReference; fileEncoding = 4; lastKnownFileType = sourcecode.swift; path = Pokemon.swift; sourceTree = "<group>"; };
		515810051ECFC2EA009403E5 /* Pokedex.app */ = {isa = PBXFileReference; explicitFileType = wrapper.application; includeInIndex = 0; path = Pokedex.app; sourceTree = BUILT_PRODUCTS_DIR; };
		515810081ECFC2EA009403E5 /* AppDelegate.swift */ = {isa = PBXFileReference; lastKnownFileType = sourcecode.swift; path = AppDelegate.swift; sourceTree = "<group>"; };
		5158100A1ECFC2EA009403E5 /* ViewController.swift */ = {isa = PBXFileReference; lastKnownFileType = sourcecode.swift; path = ViewController.swift; sourceTree = "<group>"; };
		5158100D1ECFC2EA009403E5 /* Base */ = {isa = PBXFileReference; lastKnownFileType = file.storyboard; name = Base; path = Base.lproj/Main.storyboard; sourceTree = "<group>"; };
		5158100F1ECFC2EA009403E5 /* Assets.xcassets */ = {isa = PBXFileReference; lastKnownFileType = folder.assetcatalog; path = Assets.xcassets; sourceTree = "<group>"; };
		515810121ECFC2EA009403E5 /* Base */ = {isa = PBXFileReference; lastKnownFileType = file.storyboard; name = Base; path = Base.lproj/LaunchScreen.storyboard; sourceTree = "<group>"; };
		515810141ECFC2EA009403E5 /* Info.plist */ = {isa = PBXFileReference; lastKnownFileType = text.plist.xml; path = Info.plist; sourceTree = "<group>"; };
		51CFE4FA1ECFDECC00804699 /* PokeCell.swift */ = {isa = PBXFileReference; fileEncoding = 4; lastKnownFileType = sourcecode.swift; path = PokeCell.swift; sourceTree = "<group>"; };
		51CFE4FC1ED00C5200804699 /* csv.swift */ = {isa = PBXFileReference; fileEncoding = 4; lastKnownFileType = sourcecode.swift; path = csv.swift; sourceTree = "<group>"; };
		51CFE4FE1ED00F7A00804699 /* pokemon.ttf */ = {isa = PBXFileReference; lastKnownFileType = file; path = pokemon.ttf; sourceTree = "<group>"; };
		51CFE5031ED0103F00804699 /* music.png */ = {isa = PBXFileReference; lastKnownFileType = image.png; path = music.png; sourceTree = "<group>"; };
		51CFE5051ED0117600804699 /* music.mp3 */ = {isa = PBXFileReference; lastKnownFileType = audio.mp3; path = music.mp3; sourceTree = "<group>"; };
/* End PBXFileReference section */

/* Begin PBXFrameworksBuildPhase section */
		515810021ECFC2EA009403E5 /* Frameworks */ = {
			isa = PBXFrameworksBuildPhase;
			buildActionMask = 2147483647;
			files = (
			);
			runOnlyForDeploymentPostprocessing = 0;
		};
/* End PBXFrameworksBuildPhase section */

/* Begin PBXGroup section */
		51580FFC1ECFC2EA009403E5 = {
			isa = PBXGroup;
			children = (
				515810071ECFC2EA009403E5 /* Pokedex */,
				515810061ECFC2EA009403E5 /* Products */,
			);
			sourceTree = "<group>";
		};
		515810061ECFC2EA009403E5 /* Products */ = {
			isa = PBXGroup;
			children = (
				515810051ECFC2EA009403E5 /* Pokedex.app */,
			);
			name = Products;
			sourceTree = "<group>";
		};
		515810071ECFC2EA009403E5 /* Pokedex */ = {
			isa = PBXGroup;
			children = (
				51CFE5001ED00FA200804699 /* Resources */,
				51CFE5011ED00FAC00804699 /* Util */,
				51CFE5021ED00FB800804699 /* Pokemon */,
				5158100F1ECFC2EA009403E5 /* Assets.xcassets */,
				5158100C1ECFC2EA009403E5 /* Main.storyboard */,
				515810111ECFC2EA009403E5 /* LaunchScreen.storyboard */,
				515810081ECFC2EA009403E5 /* AppDelegate.swift */,
				515810141ECFC2EA009403E5 /* Info.plist */,
			);
			path = Pokedex;
			sourceTree = "<group>";
		};
		51CFE5001ED00FA200804699 /* Resources */ = {
			isa = PBXGroup;
			children = (
				51CFE5051ED0117600804699 /* music.mp3 */,
				51CFE5031ED0103F00804699 /* music.png */,
				51CFE4FE1ED00F7A00804699 /* pokemon.ttf */,
				5108B6A51ECFD74000743535 /* pokemon.csv */,
			);
			name = Resources;
			sourceTree = "<group>";
		};
		51CFE5011ED00FAC00804699 /* Util */ = {
			isa = PBXGroup;
			children = (
				51CFE4FC1ED00C5200804699 /* csv.swift */,
			);
			name = Util;
			sourceTree = "<group>";
		};
		51CFE5021ED00FB800804699 /* Pokemon */ = {
			isa = PBXGroup;
			children = (
				5158100A1ECFC2EA009403E5 /* ViewController.swift */,
				5108B6A71ECFD9A800743535 /* Pokemon.swift */,
				51CFE4FA1ECFDECC00804699 /* PokeCell.swift */,
			);
			name = Pokemon;
			sourceTree = "<group>";
		};
/* End PBXGroup section */

/* Begin PBXNativeTarget section */
		515810041ECFC2EA009403E5 /* Pokedex */ = {
			isa = PBXNativeTarget;
			buildConfigurationList = 515810171ECFC2EA009403E5 /* Build configuration list for PBXNativeTarget "Pokedex" */;
			buildPhases = (
				515810011ECFC2EA009403E5 /* Sources */,
				515810021ECFC2EA009403E5 /* Frameworks */,
				515810031ECFC2EA009403E5 /* Resources */,
			);
			buildRules = (
			);
			dependencies = (
			);
			name = Pokedex;
			productName = Pokedex;
			productReference = 515810051ECFC2EA009403E5 /* Pokedex.app */;
			productType = "com.apple.product-type.application";
		};
/* End PBXNativeTarget section */

/* Begin PBXProject section */
		51580FFD1ECFC2EA009403E5 /* Project object */ = {
			isa = PBXProject;
			attributes = {
				LastSwiftUpdateCheck = 0830;
				LastUpgradeCheck = 0830;
				ORGANIZATIONNAME = Vatsalr23;
				TargetAttributes = {
					515810041ECFC2EA009403E5 = {
						CreatedOnToolsVersion = 8.3.2;
						DevelopmentTeam = 9V3N2WKYT3;
						ProvisioningStyle = Automatic;
					};
				};
			};
			buildConfigurationList = 515810001ECFC2EA009403E5 /* Build configuration list for PBXProject "Pokedex" */;
			compatibilityVersion = "Xcode 3.2";
			developmentRegion = English;
			hasScannedForEncodings = 0;
			knownRegions = (
				en,
				Base,
			);
			mainGroup = 51580FFC1ECFC2EA009403E5;
			productRefGroup = 515810061ECFC2EA009403E5 /* Products */;
			projectDirPath = "";
			projectRoot = "";
			targets = (
				515810041ECFC2EA009403E5 /* Pokedex */,
			);
		};
/* End PBXProject section */

/* Begin PBXResourcesBuildPhase section */
		515810031ECFC2EA009403E5 /* Resources */ = {
			isa = PBXResourcesBuildPhase;
			buildActionMask = 2147483647;
			files = (
				51CFE4FF1ED00F7A00804699 /* pokemon.ttf in Resources */,
				515810131ECFC2EA009403E5 /* LaunchScreen.storyboard in Resources */,
				515810101ECFC2EA009403E5 /* Assets.xcassets in Resources */,
				5108B6A61ECFD74000743535 /* pokemon.csv in Resources */,
				5158100E1ECFC2EA009403E5 /* Main.storyboard in Resources */,
				51CFE5061ED0117600804699 /* music.mp3 in Resources */,
				51CFE5041ED0103F00804699 /* music.png in Resources */,
			);
			runOnlyForDeploymentPostprocessing = 0;
		};
/* End PBXResourcesBuildPhase section */

/* Begin PBXSourcesBuildPhase section */
		515810011ECFC2EA009403E5 /* Sources */ = {
			isa = PBXSourcesBuildPhase;
			buildActionMask = 2147483647;
			files = (
				51CFE4FB1ECFDECC00804699 /* PokeCell.swift in Sources */,
				5158100B1ECFC2EA009403E5 /* ViewController.swift in Sources */,
				5108B6A81ECFD9A800743535 /* Pokemon.swift in Sources */,
				515810091ECFC2EA009403E5 /* AppDelegate.swift in Sources */,
				51CFE4FD1ED00C5200804699 /* csv.swift in Sources */,
			);
			runOnlyForDeploymentPostprocessing = 0;
		};
/* End PBXSourcesBuildPhase section */

/* Begin PBXVariantGroup section */
		5158100C1ECFC2EA009403E5 /* Main.storyboard */ = {
			isa = PBXVariantGroup;
			children = (
				5158100D1ECFC2EA009403E5 /* Base */,
			);
			name = Main.storyboard;
			sourceTree = "<group>";
		};
		515810111ECFC2EA009403E5 /* LaunchScreen.storyboard */ = {
			isa = PBXVariantGroup;
			children = (
				515810121ECFC2EA009403E5 /* Base */,
			);
			name = LaunchScreen.storyboard;
			sourceTree = "<group>";
		};
/* End PBXVariantGroup section */

/* Begin XCBuildConfiguration section */
		515810151ECFC2EA009403E5 /* Debug */ = {
			isa = XCBuildConfiguration;
			buildSettings = {
				ALWAYS_SEARCH_USER_PATHS = NO;
				CLANG_ANALYZER_NONNULL = YES;
				CLANG_ANALYZER_NUMBER_OBJECT_CONVERSION = YES_AGGRESSIVE;
				CLANG_CXX_LANGUAGE_STANDARD = "gnu++0x";
				CLANG_CXX_LIBRARY = "libc++";
				CLANG_ENABLE_MODULES = YES;
				CLANG_ENABLE_OBJC_ARC = YES;
				CLANG_WARN_BOOL_CONVERSION = YES;
				CLANG_WARN_CONSTANT_CONVERSION = YES;
				CLANG_WARN_DIRECT_OBJC_ISA_USAGE = YES_ERROR;
				CLANG_WARN_DOCUMENTATION_COMMENTS = YES;
				CLANG_WARN_EMPTY_BODY = YES;
				CLANG_WARN_ENUM_CONVERSION = YES;
				CLANG_WARN_INFINITE_RECURSION = YES;
				CLANG_WARN_INT_CONVERSION = YES;
				CLANG_WARN_OBJC_ROOT_CLASS = YES_ERROR;
				CLANG_WARN_SUSPICIOUS_MOVE = YES;
				CLANG_WARN_UNREACHABLE_CODE = YES;
				CLANG_WARN__DUPLICATE_METHOD_MATCH = YES;
				"CODE_SIGN_IDENTITY[sdk=iphoneos*]" = "iPhone Developer";
				COPY_PHASE_STRIP = NO;
				DEBUG_INFORMATION_FORMAT = dwarf;
				ENABLE_STRICT_OBJC_MSGSEND = YES;
				ENABLE_TESTABILITY = YES;
				GCC_C_LANGUAGE_STANDARD = gnu99;
				GCC_DYNAMIC_NO_PIC = NO;
				GCC_NO_COMMON_BLOCKS = YES;
				GCC_OPTIMIZATION_LEVEL = 0;
				GCC_PREPROCESSOR_DEFINITIONS = (
					"DEBUG=1",
					"$(inherited)",
				);
				GCC_WARN_64_TO_32_BIT_CONVERSION = YES;
				GCC_WARN_ABOUT_RETURN_TYPE = YES_ERROR;
				GCC_WARN_UNDECLARED_SELECTOR = YES;
				GCC_WARN_UNINITIALIZED_AUTOS = YES_AGGRESSIVE;
				GCC_WARN_UNUSED_FUNCTION = YES;
				GCC_WARN_UNUSED_VARIABLE = YES;
				IPHONEOS_DEPLOYMENT_TARGET = 10.3;
				MTL_ENABLE_DEBUG_INFO = YES;
				ONLY_ACTIVE_ARCH = YES;
				SDKROOT = iphoneos;
				SWIFT_ACTIVE_COMPILATION_CONDITIONS = DEBUG;
				SWIFT_OPTIMIZATION_LEVEL = "-Onone";
				TARGETED_DEVICE_FAMILY = "1,2";
			};
			name = Debug;
		};
		515810161ECFC2EA009403E5 /* Release */ = {
			isa = XCBuildConfiguration;
			buildSettings = {
				ALWAYS_SEARCH_USER_PATHS = NO;
				CLANG_ANALYZER_NONNULL = YES;
				CLANG_ANALYZER_NUMBER_OBJECT_CONVERSION = YES_AGGRESSIVE;
				CLANG_CXX_LANGUAGE_STANDARD = "gnu++0x";
				CLANG_CXX_LIBRARY = "libc++";
				CLANG_ENABLE_MODULES = YES;
				CLANG_ENABLE_OBJC_ARC = YES;
				CLANG_WARN_BOOL_CONVERSION = YES;
				CLANG_WARN_CONSTANT_CONVERSION = YES;
				CLANG_WARN_DIRECT_OBJC_ISA_USAGE = YES_ERROR;
				CLANG_WARN_DOCUMENTATION_COMMENTS = YES;
				CLANG_WARN_EMPTY_BODY = YES;
				CLANG_WARN_ENUM_CONVERSION = YES;
				CLANG_WARN_INFINITE_RECURSION = YES;
				CLANG_WARN_INT_CONVERSION = YES;
				CLANG_WARN_OBJC_ROOT_CLASS = YES_ERROR;
				CLANG_WARN_SUSPICIOUS_MOVE = YES;
				CLANG_WARN_UNREACHABLE_CODE = YES;
				CLANG_WARN__DUPLICATE_METHOD_MATCH = YES;
				"CODE_SIGN_IDENTITY[sdk=iphoneos*]" = "iPhone Developer";
				COPY_PHASE_STRIP = NO;
				DEBUG_INFORMATION_FORMAT = "dwarf-with-dsym";
				ENABLE_NS_ASSERTIONS = NO;
				ENABLE_STRICT_OBJC_MSGSEND = YES;
				GCC_C_LANGUAGE_STANDARD = gnu99;
				GCC_NO_COMMON_BLOCKS = YES;
				GCC_WARN_64_TO_32_BIT_CONVERSION = YES;
				GCC_WARN_ABOUT_RETURN_TYPE = YES_ERROR;
				GCC_WARN_UNDECLARED_SELECTOR = YES;
				GCC_WARN_UNINITIALIZED_AUTOS = YES_AGGRESSIVE;
				GCC_WARN_UNUSED_FUNCTION = YES;
				GCC_WARN_UNUSED_VARIABLE = YES;
				IPHONEOS_DEPLOYMENT_TARGET = 10.3;
				MTL_ENABLE_DEBUG_INFO = NO;
				SDKROOT = iphoneos;
				SWIFT_OPTIMIZATION_LEVEL = "-Owholemodule";
				TARGETED_DEVICE_FAMILY = "1,2";
				VALIDATE_PRODUCT = YES;
			};
			name = Release;
		};
		515810181ECFC2EA009403E5 /* Debug */ = {
			isa = XCBuildConfiguration;
			buildSettings = {
				ASSETCATALOG_COMPILER_APPICON_NAME = AppIcon;
				DEVELOPMENT_TEAM = 9V3N2WKYT3;
				INFOPLIST_FILE = Pokedex/Info.plist;
				LD_RUNPATH_SEARCH_PATHS = "$(inherited) @executable_path/Frameworks";
				PRODUCT_BUNDLE_IDENTIFIER = vatsalr23.Pokedex;
				PRODUCT_NAME = "$(TARGET_NAME)";
				SWIFT_VERSION = 3.0;
			};
			name = Debug;
		};
		515810191ECFC2EA009403E5 /* Release */ = {
			isa = XCBuildConfiguration;
			buildSettings = {
				ASSETCATALOG_COMPILER_APPICON_NAME = AppIcon;
				DEVELOPMENT_TEAM = 9V3N2WKYT3;
				INFOPLIST_FILE = Pokedex/Info.plist;
				LD_RUNPATH_SEARCH_PATHS = "$(inherited) @executable_path/Frameworks";
				PRODUCT_BUNDLE_IDENTIFIER = vatsalr23.Pokedex;
				PRODUCT_NAME = "$(TARGET_NAME)";
				SWIFT_VERSION = 3.0;
			};
			name = Release;
		};
/* End XCBuildConfiguration section */

/* Begin XCConfigurationList section */
		515810001ECFC2EA009403E5 /* Build configuration list for PBXProject "Pokedex" */ = {
			isa = XCConfigurationList;
			buildConfigurations = (
				515810151ECFC2EA009403E5 /* Debug */,
				515810161ECFC2EA009403E5 /* Release */,
			);
			defaultConfigurationIsVisible = 0;
			defaultConfigurationName = Release;
		};
		515810171ECFC2EA009403E5 /* Build configuration list for PBXNativeTarget "Pokedex" */ = {
			isa = XCConfigurationList;
			buildConfigurations = (
				515810181ECFC2EA009403E5 /* Debug */,
				515810191ECFC2EA009403E5 /* Release */,
			);
			defaultConfigurationIsVisible = 0;
			defaultConfigurationName = Release;
		};
/* End XCConfigurationList section */
	};
	rootObject = 51580FFD1ECFC2EA009403E5 /* Project object */;
}
